
Microsoft Visual Studio Solution File, Format Version 12.00
# Visual Studio Version 17
VisualStudioVersion = 17.1.32421.90
MinimumVisualStudioVersion = 10.0.40219.1
Project("{FAE04EC0-301F-11D3-BF4B-00C04F79EFBC}") = "MVCCountriesLab", "MVCCountriesLab\MVCCountriesLab.csproj", "{FC6A70D8-C806-4055-9F09-6337299CB963}"
EndProject
Global
	GlobalSection(SolutionConfigurationPlatforms) = preSolution
		Debug|Any CPU = Debug|Any CPU
		Release|Any CPU = Release|Any CPU
	EndGlobalSection
	GlobalSection(ProjectConfigurationPlatforms) = postSolution
		{FC6A70D8-C806-4055-9F09-6337299CB963}.Debug|Any CPU.ActiveCfg = Debug|Any CPU
		{FC6A70D8-C806-4055-9F09-6337299CB963}.Debug|Any CPU.Build.0 = Debug|Any CPU
		{FC6A70D8-C806-4055-9F09-6337299CB963}.Release|Any CPU.ActiveCfg = Release|Any CPU
		{FC6A70D8-C806-4055-9F09-6337299CB963}.Release|Any CPU.Build.0 = Release|Any CPU
	EndGlobalSection
	GlobalSection(SolutionProperties) = preSolution
		HideSolutionNode = FALSE
	EndGlobalSection
	GlobalSection(ExtensibilityGlobals) = postSolution
		SolutionGuid = {3D02C0EB-0FD1-40D8-88DE-C915C2F168CF}
	EndGlobalSection
EndGlobal
